{
  "requires": true,
  "lockfileVersion": 1,
  "dependencies": {
    "ansi-regex": {
      "version": "2.1.1",
      "resolved": "https://registry.npmjs.org/ansi-regex/-/ansi-regex-2.1.1.tgz",
      "integrity": "sha1-w7M6te42DYbg5ijwRorn7yfWVN8="
    },
    "ansi-styles": {
      "version": "3.2.0",
      "resolved": "https://registry.npmjs.org/ansi-styles/-/ansi-styles-3.2.0.tgz",
      "integrity": "sha512-NnSOmMEYtVR2JVMIGTzynRkkaxtiq1xnFBcdQD/DnNCYPoEPsVJhM98BDyaoNOQIi7p4okdi3E27eN7GQbsUug==",
      "requires": {
        "color-convert": "1.9.1"
      }
    },
    "bindings": {
      "version": "1.3.0",
      "resolved": "https://registry.npmjs.org/bindings/-/bindings-1.3.0.tgz",
      "integrity": "sha512-DpLh5EzMR2kzvX1KIlVC0VkC3iZtHKTgdtZ0a3pglBZdaQFjt5S9g9xd1lE+YvXyfd6mtCeRnrUfOLYiTMlNSw=="
    },
    "chalk": {
      "version": "2.3.0",
      "resolved": "https://registry.npmjs.org/chalk/-/chalk-2.3.0.tgz",
      "integrity": "sha512-Az5zJR2CBujap2rqXGaJKaPHyJ0IrUimvYNX+ncCy8PJP4ltOGTrHUIo097ZaL2zMeKYpiCdqDvS6zdrTFok3Q==",
      "requires": {
        "ansi-styles": "3.2.0",
        "escape-string-regexp": "1.0.5",
        "supports-color": "4.5.0"
      }
    },
    "cli-color": {
      "version": "0.3.2",
      "resolved": "https://registry.npmjs.org/cli-color/-/cli-color-0.3.2.tgz",
      "integrity": "sha1-dfpfcowwjMSsWUsF4GzF2A2szYY=",
      "requires": {
        "d": "0.1.1",
        "es5-ext": "0.10.37",
        "memoizee": "0.3.10",
        "timers-ext": "0.1.2"
      }
    },
    "cli-table2": {
      "version": "0.2.0",
      "resolved": "https://registry.npmjs.org/cli-table2/-/cli-table2-0.2.0.tgz",
      "integrity": "sha1-LR738hig54biFFQFYtS9F3/jLZc=",
      "requires": {
        "colors": "1.1.2",
        "lodash": "3.10.1",
        "string-width": "1.0.2"
      }
    },
    "code-point-at": {
      "version": "1.1.0",
      "resolved": "https://registry.npmjs.org/code-point-at/-/code-point-at-1.1.0.tgz",
      "integrity": "sha1-DQcLTQQ6W+ozovGkDi7bPZpMz3c="
    },
    "color-convert": {
      "version": "1.9.1",
      "resolved": "https://registry.npmjs.org/color-convert/-/color-convert-1.9.1.tgz",
      "integrity": "sha512-mjGanIiwQJskCC18rPR6OmrZ6fm2Lc7PeGFYwCmy5J34wC6F1PzdGL6xeMfmgicfYcNLGuVFA3WzXtIDCQSZxQ==",
      "requires": {
        "color-name": "1.1.3"
      }
    },
    "color-name": {
      "version": "1.1.3",
      "resolved": "https://registry.npmjs.org/color-name/-/color-name-1.1.3.tgz",
      "integrity": "sha1-p9BVi9icQveV3UIyj3QIMcpTvCU="
    },
    "colors": {
      "version": "1.1.2",
      "resolved": "https://registry.npmjs.org/colors/-/colors-1.1.2.tgz",
      "integrity": "sha1-FopHAXVran9RoSzgyXv6KMCE7WM="
    },
    "d": {
      "version": "0.1.1",
      "resolved": "https://registry.npmjs.org/d/-/d-0.1.1.tgz",
      "integrity": "sha1-2hhMU10Y2O57oqoim5FACfrhEwk=",
      "requires": {
        "es5-ext": "0.10.37"
      }
    },
    "es5-ext": {
      "version": "0.10.37",
      "resolved": "https://registry.npmjs.org/es5-ext/-/es5-ext-0.10.37.tgz",
      "integrity": "sha1-DudB0Ui4AGm6J9AgOTdWryV978M=",
      "requires": {
        "es6-iterator": "2.0.3",
        "es6-symbol": "3.1.1"
      }
    },
    "es6-iterator": {
      "version": "2.0.3",
      "resolved": "https://registry.npmjs.org/es6-iterator/-/es6-iterator-2.0.3.tgz",
      "integrity": "sha1-p96IkUGgWpSwhUQDstCg+/qY87c=",
      "requires": {
        "d": "1.0.0",
        "es5-ext": "0.10.37",
        "es6-symbol": "3.1.1"
      },
      "dependencies": {
        "d": {
          "version": "1.0.0",
          "resolved": "https://registry.npmjs.org/d/-/d-1.0.0.tgz",
          "integrity": "sha1-dUu1v+VUUdpppYuU1F9MWwRi1Y8=",
          "requires": {
            "es5-ext": "0.10.37"
          }
        }
      }
    },
    "es6-symbol": {
      "version": "3.1.1",
      "resolved": "https://registry.npmjs.org/es6-symbol/-/es6-symbol-3.1.1.tgz",
      "integrity": "sha1-vwDvT9q2uhtG7Le2KbTH7VcVzHc=",
      "requires": {
        "d": "1.0.0",
        "es5-ext": "0.10.37"
      },
      "dependencies": {
        "d": {
          "version": "1.0.0",
          "resolved": "https://registry.npmjs.org/d/-/d-1.0.0.tgz",
          "integrity": "sha1-dUu1v+VUUdpppYuU1F9MWwRi1Y8=",
          "requires": {
            "es5-ext": "0.10.37"
          }
        }
      }
    },
    "es6-weak-map": {
      "version": "0.1.4",
      "resolved": "https://registry.npmjs.org/es6-weak-map/-/es6-weak-map-0.1.4.tgz",
      "integrity": "sha1-cGzvnpmqI2undmwjnIueKG6n0ig=",
      "requires": {
        "d": "0.1.1",
        "es5-ext": "0.10.37",
        "es6-iterator": "0.1.3",
        "es6-symbol": "2.0.1"
      },
      "dependencies": {
        "es6-iterator": {
          "version": "0.1.3",
          "resolved": "https://registry.npmjs.org/es6-iterator/-/es6-iterator-0.1.3.tgz",
          "integrity": "sha1-1vWLjE/EE8JJtLqhl2j45NfIlE4=",
          "requires": {
            "d": "0.1.1",
            "es5-ext": "0.10.37",
            "es6-symbol": "2.0.1"
          }
        },
        "es6-symbol": {
          "version": "2.0.1",
          "resolved": "https://registry.npmjs.org/es6-symbol/-/es6-symbol-2.0.1.tgz",
          "integrity": "sha1-dhtcZ8/U8dGK+yNPaR1nhoLLO/M=",
          "requires": {
            "d": "0.1.1",
            "es5-ext": "0.10.37"
          }
        }
      }
    },
    "escape-string-regexp": {
      "version": "1.0.5",
      "resolved": "https://registry.npmjs.org/escape-string-regexp/-/escape-string-regexp-1.0.5.tgz",
      "integrity": "sha1-G2HAViGQqN/2rjuyzwIAyhMLhtQ="
    },
    "event-emitter": {
      "version": "0.3.5",
      "resolved": "https://registry.npmjs.org/event-emitter/-/event-emitter-0.3.5.tgz",
      "integrity": "sha1-34xp7vFkeSPHFXuc6DhAYQsCzDk=",
      "requires": {
        "d": "1.0.0",
        "es5-ext": "0.10.37"
      },
      "dependencies": {
        "d": {
          "version": "1.0.0",
          "resolved": "https://registry.npmjs.org/d/-/d-1.0.0.tgz",
          "integrity": "sha1-dUu1v+VUUdpppYuU1F9MWwRi1Y8=",
          "requires": {
            "es5-ext": "0.10.37"
          }
        }
      }
    },
    "figlet": {
      "version": "1.2.0",
      "resolved": "https://registry.npmjs.org/figlet/-/figlet-1.2.0.tgz",
      "integrity": "sha1-bEZTc3j6tkkUa1phQ92gGbQwtBA="
    },
    "has-flag": {
      "version": "2.0.0",
      "resolved": "https://registry.npmjs.org/has-flag/-/has-flag-2.0.0.tgz",
      "integrity": "sha1-6CB68cx7MNRGzHC3NLXovhj4jVE="
    },
    "is-fullwidth-code-point": {
      "version": "1.0.0",
      "resolved": "https://registry.npmjs.org/is-fullwidth-code-point/-/is-fullwidth-code-point-1.0.0.tgz",
      "integrity": "sha1-754xOG8DGn8NZDr4L95QxFfvAMs=",
      "requires": {
        "number-is-nan": "1.0.1"
      }
    },
    "lodash": {
      "version": "3.10.1",
      "resolved": "https://registry.npmjs.org/lodash/-/lodash-3.10.1.tgz",
      "integrity": "sha1-W/Rejkm6QYnhfUgnid/RW9FAt7Y="
    },
    "lru-queue": {
      "version": "0.1.0",
      "resolved": "https://registry.npmjs.org/lru-queue/-/lru-queue-0.1.0.tgz",
      "integrity": "sha1-Jzi9nw089PhEkMVzbEhpmsYyzaM=",
      "requires": {
        "es5-ext": "0.10.37"
      }
    },
    "memoizee": {
      "version": "0.3.10",
      "resolved": "https://registry.npmjs.org/memoizee/-/memoizee-0.3.10.tgz",
      "integrity": "sha1-TsoNiu057J0Bf0xcLy9kMvQuXI8=",
      "requires": {
        "d": "0.1.1",
        "es5-ext": "0.10.37",
        "es6-weak-map": "0.1.4",
        "event-emitter": "0.3.5",
        "lru-queue": "0.1.0",
        "next-tick": "0.2.2",
        "timers-ext": "0.1.2"
      }
    },
    "mode-s-aircraft-store": {
      "version": "1.0.1",
      "resolved": "https://registry.npmjs.org/mode-s-aircraft-store/-/mode-s-aircraft-store-1.0.1.tgz",
      "integrity": "sha512-4PJmTZHqHbP06RQLCxo2cmIsJ2Q7Am1bKatuS8tt24/pnpbHbFKS+06hJSM9/aoPaBMf+ZC331l7pSbFCaa2AA=="
    },
    "mode-s-decoder": {
      "version": "1.0.1",
      "resolved": "https://registry.npmjs.org/mode-s-decoder/-/mode-s-decoder-1.0.1.tgz",
      "integrity": "sha512-0mwSsm1e63smeEbCJlJHIIQkJ4JBQHORj2jEtBR8NdSlskSfqFONLkecwgfRVgz6RFeINDHCkz5jrsxmonMaow==",
      "requires": {
        "mode-s-msglen": "1.0.3"
      }
    },
    "mode-s-demodulator": {
      "version": "1.0.1",
      "resolved": "https://registry.npmjs.org/mode-s-demodulator/-/mode-s-demodulator-1.0.1.tgz",
      "integrity": "sha512-y+oZ8qs9O6lB06rrc8TErxcMH5mlAXNX/c1vZIyMNDvjsMVzNGbfrHxMRGgVshCZY9nrsrhfmgrjrZUsT8CZ+g==",
      "requires": {
        "mode-s-decoder": "1.0.1",
        "mode-s-msglen": "1.0.3"
      }
    },
    "mode-s-msglen": {
      "version": "1.0.3",
      "resolved": "https://registry.npmjs.org/mode-s-msglen/-/mode-s-msglen-1.0.3.tgz",
      "integrity": "sha512-qM+aBIl00//0//ihAX9fx8yapwa9GZrYCri22ht78PEytIz19X4OLkCw/o8ZnrZZL+JY6aYMcgSRAW9RFMiCLA=="
    },
    "nan": {
      "version": "2.8.0",
      "resolved": "https://registry.npmjs.org/nan/-/nan-2.8.0.tgz",
      "integrity": "sha1-7XFfP+neArV6XmJS2QqWZ14fCFo="
    },
    "next-tick": {
      "version": "0.2.2",
      "resolved": "https://registry.npmjs.org/next-tick/-/next-tick-0.2.2.tgz",
      "integrity": "sha1-ddpKkn7liH45BliABltzNkE7MQ0="
    },
    "number-is-nan": {
      "version": "1.0.1",
      "resolved": "https://registry.npmjs.org/number-is-nan/-/number-is-nan-1.0.1.tgz",
      "integrity": "sha1-CXtgK1NCKlIsGvuHkDGDNpQaAR0="
    },
    "rtl-sdr": {
      "version": "0.1.4",
      "resolved": "https://registry.npmjs.org/rtl-sdr/-/rtl-sdr-0.1.4.tgz",
      "integrity": "sha512-uCP1bltxnecp28bcXXyFCnfwQd17jEY2if+KsN24jUSC/vO5uHFqK/ibYkYgVNYAH5tWPmgQkUr0/dOg5E5/vA==",
      "requires": {
        "bindings": "1.3.0",
        "nan": "2.8.0"
      }
    },
    "string-width": {
      "version": "1.0.2",
      "resolved": "https://registry.npmjs.org/string-width/-/string-width-1.0.2.tgz",
      "integrity": "sha1-EYvfW4zcUaKn5w0hHgfisLmxB9M=",
      "requires": {
        "code-point-at": "1.1.0",
        "is-fullwidth-code-point": "1.0.0",
        "strip-ansi": "3.0.1"
      }
    },
    "strip-ansi": {
      "version": "3.0.1",
      "resolved": "https://registry.npmjs.org/strip-ansi/-/strip-ansi-3.0.1.tgz",
      "integrity": "sha1-ajhfuIU9lS1f8F0Oiq+UJ43GPc8=",
      "requires": {
        "ansi-regex": "2.1.1"
      }
    },
    "supports-color": {
      "version": "4.5.0",
      "resolved": "https://registry.npmjs.org/supports-color/-/supports-color-4.5.0.tgz",
      "integrity": "sha1-vnoN5ITexcXN34s9WRJQRJEvY1s=",
      "requires": {
        "has-flag": "2.0.0"
      }
    },
    "timers-ext": {
      "version": "0.1.2",
      "resolved": "https://registry.npmjs.org/timers-ext/-/timers-ext-0.1.2.tgz",
      "integrity": "sha1-YcxHp2wavTGV8UUn+XjViulMUgQ=",
      "requires": {
        "es5-ext": "0.10.37",
        "next-tick": "1.0.0"
      },
      "dependencies": {
        "next-tick": {
          "version": "1.0.0",
          "resolved": "https://registry.npmjs.org/next-tick/-/next-tick-1.0.0.tgz",
          "integrity": "sha1-yobR/ogoFpsBICCOPchCS524NCw="
        }
      }
    }
  }
}
